
Microsoft Visual Studio Solution File, Format Version 12.00
# Visual Studio Version 16
VisualStudioVersion = 16.0.33529.622
MinimumVisualStudioVersion = 10.0.40219.1
Project("{FAE04EC0-301F-11D3-BF4B-00C04F79EFBC}") = "Algorithm_Test1", "Algorithm_Test1\Algorithm_Test1.csproj", "{C0944714-4850-4307-9BB6-EE9C4435AEA7}"
EndProject
Global
	GlobalSection(SolutionConfigurationPlatforms) = preSolution
		Debug|Any CPU = Debug|Any CPU
		Release|Any CPU = Release|Any CPU
	EndGlobalSection
	GlobalSection(ProjectConfigurationPlatforms) = postSolution
		{C0944714-4850-4307-9BB6-EE9C4435AEA7}.Debug|Any CPU.ActiveCfg = Debug|Any CPU
		{C0944714-4850-4307-9BB6-EE9C4435AEA7}.Debug|Any CPU.Build.0 = Debug|Any CPU
		{C0944714-4850-4307-9BB6-EE9C4435AEA7}.Release|Any CPU.ActiveCfg = Release|Any CPU
		{C0944714-4850-4307-9BB6-EE9C4435AEA7}.Release|Any CPU.Build.0 = Release|Any CPU
	EndGlobalSection
	GlobalSection(SolutionProperties) = preSolution
		HideSolutionNode = FALSE
	EndGlobalSection
	GlobalSection(ExtensibilityGlobals) = postSolution
		SolutionGuid = {DEE91283-6EEB-4F6D-B75D-72011C73FB43}
	EndGlobalSection
EndGlobal
